{
  "name": "bentley_configurator_web",
  "version": "1.0.0",
  "lockfileVersion": 3,
  "requires": true,
  "packages": {
    "": {
      "name": "bentley_configurator_web",
      "version": "1.0.0",
      "license": "ISC",
      "dependencies": {
        "@arcware-cloud/pixelstreaming-websdk": "^1.3.12"
      }
    },
    "node_modules/@arcware-cloud/pixelstreaming-websdk": {
      "version": "1.3.12",
      "resolved": "https://registry.npmjs.org/@arcware-cloud/pixelstreaming-websdk/-/pixelstreaming-websdk-1.3.12.tgz",
      "integrity": "sha512-A2+ZIwHhpv/3uV1nGMzUBV8aTKwlhKKeczgJ1ZavTn/nMF4FyBYG/MDNLUK9LLaXFV/Tu8HL/2qY/eorrXsVJw==",
      "license": "MIT",
      "peerDependencies": {
        "@epicgames-ps/lib-pixelstreamingcommon-ue5.5": "^0.3.1",
        "@epicgames-ps/lib-pixelstreamingfrontend-ue5.5": "^1.2.1",
        "@epicgames-ps/lib-pixelstreamingfrontend-ui-ue5.5": "^1.3.1"
      }
    },
    "node_modules/@babel/runtime": {
      "version": "7.28.4",
      "resolved": "https://registry.npmjs.org/@babel/runtime/-/runtime-7.28.4.tgz",
      "integrity": "sha512-Q/N6JNWvIvPnLDvjlE1OUBLPQHH6l3CltCEsHIujp45zQUSSh8K+gHnaEX45yAT1nyngnINhvWtzN+Nb9D8RAQ==",
      "license": "MIT",
      "engines": {
        "node": ">=6.9.0"
      }
    },
    "node_modules/@epicgames-ps/lib-pixelstreamingcommon-ue5.5": {
      "version": "0.3.2",
      "resolved": "https://registry.npmjs.org/@epicgames-ps/lib-pixelstreamingcommon-ue5.5/-/lib-pixelstreamingcommon-ue5.5-0.3.2.tgz",
      "integrity": "sha512-GVpX2u8175AWwr2ayLol3FUODDbp4/UpI0qYmjuDrN4sUCPidDk2o3WIScvdNJbN5tL9j8ofRbe8TBg/eF/vBw==",
      "license": "MIT",
      "peer": true,
      "dependencies": {
        "@protobuf-ts/runtime": "^2.9.4",
        "@types/ws": "^8.5.14",
        "ws": "^8.18.0"
      }
    },
    "node_modules/@epicgames-ps/lib-pixelstreamingfrontend-ue5.5": {
      "version": "1.2.4",
      "resolved": "https://registry.npmjs.org/@epicgames-ps/lib-pixelstreamingfrontend-ue5.5/-/lib-pixelstreamingfrontend-ue5.5-1.2.4.tgz",
      "integrity": "sha512-c6sJqVyamn6jwlfsmeLpSUvAjkiw3bjjVGGShqBvDr08deVcinLldnrB1+beQLiiuVVmTmc49R4pVuflsXPk3g==",
      "license": "MIT",
      "peer": true,
      "dependencies": {
        "@epicgames-ps/lib-pixelstreamingcommon-ue5.5": "^0.3.1",
        "sdp": "^3.2.0"
      }
    },
    "node_modules/@epicgames-ps/lib-pixelstreamingfrontend-ui-ue5.5": {
      "version": "1.3.1",
      "resolved": "https://registry.npmjs.org/@epicgames-ps/lib-pixelstreamingfrontend-ui-ue5.5/-/lib-pixelstreamingfrontend-ui-ue5.5-1.3.1.tgz",
      "integrity": "sha512-HWerg0wZHFqeEnuSyDJFDsHaDPWpiBW6Jne+kN2anTy5bukXm793/TeRN/aTU5GBzo44XWd5sZXREKn0/J2yUA==",
      "license": "MIT",
      "peer": true,
      "dependencies": {
        "@babel/runtime": "^7.26.10",
        "@epicgames-ps/lib-pixelstreamingfrontend-ue5.5": "^1.2.1",
        "jss": "^10.10.0",
        "jss-plugin-camel-case": "^10.10.0",
        "jss-plugin-global": "^10.10.0"
      }
    },
    "node_modules/@protobuf-ts/runtime": {
      "version": "2.11.1",
      "resolved": "https://registry.npmjs.org/@protobuf-ts/runtime/-/runtime-2.11.1.tgz",
      "integrity": "sha512-KuDaT1IfHkugM2pyz+FwiY80ejWrkH1pAtOBOZFuR6SXEFTsnb/jiQWQ1rCIrcKx2BtyxnxW6BWwsVSA/Ie+WQ==",
      "license": "(Apache-2.0 AND BSD-3-Clause)"
    },
    "node_modules/@types/node": {
      "version": "24.10.0",
      "resolved": "https://registry.npmjs.org/@types/node/-/node-24.10.0.tgz",
      "integrity": "sha512-qzQZRBqkFsYyaSWXuEHc2WR9c0a0CXwiE5FWUvn7ZM+vdy1uZLfCunD38UzhuB7YN/J11ndbDBcTmOdxJo9Q7A==",
      "license": "MIT",
      "dependencies": {
        "undici-types": "~7.16.0"
      }
    },
    "node_modules/@types/ws": {
      "version": "8.18.1",
      "resolved": "https://registry.npmjs.org/@types/ws/-/ws-8.18.1.tgz",
      "integrity": "sha512-ThVF6DCVhA8kUGy+aazFQ4kXQ7E1Ty7A3ypFOe0IcJV8O/M511G99AW24irKrW56Wt44yG9+ij8FaqoBGkuBXg==",
      "license": "MIT",
      "dependencies": {
        "@types/node": "*"
      }
    },
    "node_modules/csstype": {
      "version": "3.1.3",
      "resolved": "https://registry.npmjs.org/csstype/-/csstype-3.1.3.tgz",
      "integrity": "sha512-M1uQkMl8rQK/szD0LNhtqxIPLpimGm8sOBwU7lLnCpSbTyY3yeU1Vc7l4KT5zT4s/yOxHH5O7tIuuLOCnLADRw==",
      "license": "MIT"
    },
    "node_modules/hyphenate-style-name": {
      "version": "1.1.0",
      "resolved": "https://registry.npmjs.org/hyphenate-style-name/-/hyphenate-style-name-1.1.0.tgz",
      "integrity": "sha512-WDC/ui2VVRrz3jOVi+XtjqkDjiVjTtFaAGiW37k6b+ohyQ5wYDOGkvCZa8+H0nx3gyvv0+BST9xuOgIyGQ00gw==",
      "license": "BSD-3-Clause"
    },
    "node_modules/is-in-browser": {
      "version": "1.1.3",
      "resolved": "https://registry.npmjs.org/is-in-browser/-/is-in-browser-1.1.3.tgz",
      "integrity": "sha512-FeXIBgG/CPGd/WUxuEyvgGTEfwiG9Z4EKGxjNMRqviiIIfsmgrpnHLffEDdwUHqNva1VEW91o3xBT/m8Elgl9g==",
      "license": "MIT"
    },
    "node_modules/jss": {
      "version": "10.10.0",
      "resolved": "https://registry.npmjs.org/jss/-/jss-10.10.0.tgz",
      "integrity": "sha512-cqsOTS7jqPsPMjtKYDUpdFC0AbhYFLTcuGRqymgmdJIeQ8cH7+AgX7YSgQy79wXloZq2VvATYxUOUQEvS1V/Zw==",
      "license": "MIT",
      "dependencies": {
        "@babel/runtime": "^7.3.1",
        "csstype": "^3.0.2",
        "is-in-browser": "^1.1.3",
        "tiny-warning": "^1.0.2"
      },
      "funding": {
        "type": "opencollective",
        "url": "https://opencollective.com/jss"
      }
    },
    "node_modules/jss-plugin-camel-case": {
      "version": "10.10.0",
      "resolved": "https://registry.npmjs.org/jss-plugin-camel-case/-/jss-plugin-camel-case-10.10.0.tgz",
      "integrity": "sha512-z+HETfj5IYgFxh1wJnUAU8jByI48ED+v0fuTuhKrPR+pRBYS2EDwbusU8aFOpCdYhtRc9zhN+PJ7iNE8pAWyPw==",
      "license": "MIT",
      "dependencies": {
        "@babel/runtime": "^7.3.1",
        "hyphenate-style-name": "^1.0.3",
        "jss": "10.10.0"
      }
    },
    "node_modules/jss-plugin-global": {
      "version": "10.10.0",
      "resolved": "https://registry.npmjs.org/jss-plugin-global/-/jss-plugin-global-10.10.0.tgz",
      "integrity": "sha512-icXEYbMufiNuWfuazLeN+BNJO16Ge88OcXU5ZDC2vLqElmMybA31Wi7lZ3lf+vgufRocvPj8443irhYRgWxP+A==",
      "license": "MIT",
      "dependencies": {
        "@babel/runtime": "^7.3.1",
        "jss": "10.10.0"
      }
    },
    "node_modules/sdp": {
      "version": "3.2.1",
      "resolved": "https://registry.npmjs.org/sdp/-/sdp-3.2.1.tgz",
      "integrity": "sha512-lwsAIzOPlH8/7IIjjz3K0zYBk7aBVVcvjMwt3M4fLxpjMYyy7i3I97SLHebgn4YBjirkzfp3RvRDWSKsh/+WFw==",
      "license": "MIT"
    },
    "node_modules/tiny-warning": {
      "version": "1.0.3",
      "resolved": "https://registry.npmjs.org/tiny-warning/-/tiny-warning-1.0.3.tgz",
      "integrity": "sha512-lBN9zLN/oAf68o3zNXYrdCt1kP8WsiGW8Oo2ka41b2IM5JL/S1CTyX1rW0mb/zSuJun0ZUrDxx4sqvYS2FWzPA==",
      "license": "MIT"
    },
    "node_modules/undici-types": {
      "version": "7.16.0",
      "resolved": "https://registry.npmjs.org/undici-types/-/undici-types-7.16.0.tgz",
      "integrity": "sha512-Zz+aZWSj8LE6zoxD+xrjh4VfkIG8Ya6LvYkZqtUQGJPZjYl53ypCaUwWqo7eI0x66KBGeRo+mlBEkMSeSZ38Nw==",
      "license": "MIT"
    },
    "node_modules/ws": {
      "version": "8.18.3",
      "resolved": "https://registry.npmjs.org/ws/-/ws-8.18.3.tgz",
      "integrity": "sha512-PEIGCY5tSlUt50cqyMXfCzX+oOPqN0vuGqWzbcJ2xvnkzkq46oOpz7dQaTDBdfICb4N14+GARUDw2XV2N4tvzg==",
      "license": "MIT",
      "engines": {
        "node": ">=10.0.0"
      },
      "peerDependencies": {
        "bufferutil": "^4.0.1",
        "utf-8-validate": ">=5.0.2"
      },
      "peerDependenciesMeta": {
        "bufferutil": {
          "optional": true
        },
        "utf-8-validate": {
          "optional": true
        }
      }
    }
  }
}
